
Microsoft Visual Studio Solution File, Format Version 12.00
# Visual Studio Version 16
VisualStudioVersion = 16.0.29411.108
MinimumVisualStudioVersion = 10.0.40219.1
Project("{8BC9CEB8-8B4A-11D0-8D11-00A0C91BC942}") = "ChessProject++", "ChessProject++\ChessProject++.vcxproj", "{338F031B-4511-4B51-A802-59FEF613FFCF}"
EndProject
Global
	GlobalSection(SolutionConfigurationPlatforms) = preSolution
		Debug|x64 = Debug|x64
		Debug|x86 = Debug|x86
		Release|x64 = Release|x64
		Release|x86 = Release|x86
	EndGlobalSection
	GlobalSection(ProjectConfigurationPlatforms) = postSolution
		{338F031B-4511-4B51-A802-59FEF613FFCF}.Debug|x64.ActiveCfg = Debug|x64
		{338F031B-4511-4B51-A802-59FEF613FFCF}.Debug|x64.Build.0 = Debug|x64
		{338F031B-4511-4B51-A802-59FEF613FFCF}.Debug|x86.ActiveCfg = Debug|Win32
		{338F031B-4511-4B51-A802-59FEF613FFCF}.Debug|x86.Build.0 = Debug|Win32
		{338F031B-4511-4B51-A802-59FEF613FFCF}.Release|x64.ActiveCfg = Release|x64
		{338F031B-4511-4B51-A802-59FEF613FFCF}.Release|x64.Build.0 = Release|x64
		{338F031B-4511-4B51-A802-59FEF613FFCF}.Release|x86.ActiveCfg = Release|Win32
		{338F031B-4511-4B51-A802-59FEF613FFCF}.Release|x86.Build.0 = Release|Win32
	EndGlobalSection
	GlobalSection(SolutionProperties) = preSolution
		HideSolutionNode = FALSE
	EndGlobalSection
	GlobalSection(ExtensibilityGlobals) = postSolution
		SolutionGuid = {EC6499B2-DBF3-46B0-B7E9-1380B2D0D8F5}
	EndGlobalSection
EndGlobal
